{
  "name": "turborepo-dependson-bug",
  "version": "1.0.0",
  "lockfileVersion": 3,
  "requires": true,
  "packages": {
    "": {
      "name": "turborepo-dependson-bug",
      "version": "1.0.0",
      "license": "ISC",
      "workspaces": [
        "packages/*"
      ],
      "dependencies": {
        "turbo": "^1.13.3-canary.0"
      }
    },
    "node_modules/example": {
      "resolved": "packages/example",
      "link": true
    },
    "node_modules/turbo": {
      "version": "1.13.3-canary.0",
      "resolved": "https://registry.npmjs.org/turbo/-/turbo-1.13.3-canary.0.tgz",
      "integrity": "sha512-feXq4MJgtuuEEfIE/3/3lFm3urFvjVPCHXTDlFNgWZKZnm+VfyvRoI0bqjLOPyKjoscqwXVw2jYO200o2Bu6mQ==",
      "bin": {
        "turbo": "bin/turbo"
      },
      "optionalDependencies": {
        "turbo-darwin-64": "1.13.3-canary.0",
        "turbo-darwin-arm64": "1.13.3-canary.0",
        "turbo-linux-64": "1.13.3-canary.0",
        "turbo-linux-arm64": "1.13.3-canary.0",
        "turbo-windows-64": "1.13.3-canary.0",
        "turbo-windows-arm64": "1.13.3-canary.0"
      }
    },
    "node_modules/turbo-darwin-64": {
      "version": "1.13.3-canary.0",
      "resolved": "https://registry.npmjs.org/turbo-darwin-64/-/turbo-darwin-64-1.13.3-canary.0.tgz",
      "integrity": "sha512-yO2wFNAKSBIELEZR0R4seH5zD/nAF0z9So/4CY68wE6txVF+3OLGL30h2A5JVvod3jgzqrS21crjaWYlH+Nvzw==",
      "cpu": [
        "x64"
      ],
      "optional": true,
      "os": [
        "darwin"
      ]
    },
    "node_modules/turbo-darwin-arm64": {
      "version": "1.13.3-canary.0",
      "resolved": "https://registry.npmjs.org/turbo-darwin-arm64/-/turbo-darwin-arm64-1.13.3-canary.0.tgz",
      "integrity": "sha512-EU287LfTQl16jNaSM8Cq2JbjujZk9Hnr91k91Px3hesk24S4zF8ITvT0GjbicXuosR5OyN7jVL2HcsXodqFnOg==",
      "cpu": [
        "arm64"
      ],
      "optional": true,
      "os": [
        "darwin"
      ]
    },
    "node_modules/turbo-linux-64": {
      "version": "1.13.3-canary.0",
      "resolved": "https://registry.npmjs.org/turbo-linux-64/-/turbo-linux-64-1.13.3-canary.0.tgz",
      "integrity": "sha512-Zc9OeAjFslZFoCyS/Hrf8o80vW6IFtouMALoTnr97NNFS+KVhEQDYG5PzDnFI6tQvSCvYAJUaDi8/ML0mh94Gg==",
      "cpu": [
        "x64"
      ],
      "optional": true,
      "os": [
        "linux"
      ]
    },
    "node_modules/turbo-linux-arm64": {
      "version": "1.13.3-canary.0",
      "resolved": "https://registry.npmjs.org/turbo-linux-arm64/-/turbo-linux-arm64-1.13.3-canary.0.tgz",
      "integrity": "sha512-sAGNIABm8ZGTqbCbeNSXgQpm7nWxdlhwKid9nTA062WyAAv3REdxtYmfNNMFzVchRw/pBFV6p657/EmGB69faA==",
      "cpu": [
        "arm64"
      ],
      "optional": true,
      "os": [
        "linux"
      ]
    },
    "node_modules/turbo-windows-64": {
      "version": "1.13.3-canary.0",
      "resolved": "https://registry.npmjs.org/turbo-windows-64/-/turbo-windows-64-1.13.3-canary.0.tgz",
      "integrity": "sha512-noxnCMeGz7vxjnRnu2fs6S1kzYi+mHj3RZlYhdSX2QTlm4fCpJlolQUEqyPkEB7/Qucz9/k+Ixg5SPkF6J7ifA==",
      "cpu": [
        "x64"
      ],
      "optional": true,
      "os": [
        "win32"
      ]
    },
    "node_modules/turbo-windows-arm64": {
      "version": "1.13.3-canary.0",
      "resolved": "https://registry.npmjs.org/turbo-windows-arm64/-/turbo-windows-arm64-1.13.3-canary.0.tgz",
      "integrity": "sha512-8de49/WLIlElr939KBoFdylhx5Crf1+//I2IM2NHNZ0qCIGjRJaz4j2+KdZ8qdgl/kQKaf8NZkn3iO6dDDkFyQ==",
      "cpu": [
        "arm64"
      ],
      "optional": true,
      "os": [
        "win32"
      ]
    },
    "packages/example": {
      "version": "1.0.0",
      "license": "ISC"
    }
  }
}
